// !$*UTF8*$!
{
	archiveVersion = 1;
	classes = {
	};
	objectVersion = 46;
	objects = {

/* Begin PBXBuildFile section */
		65410E1E1D6A242C00056AA7 /* Enemy.m in Sources */ = {isa = PBXBuildFile; fileRef = 65410E1D1D6A242C00056AA7 /* Enemy.m */; };
		65D74F4E1D64EF4F00635A0E /* main.m in Sources */ = {isa = PBXBuildFile; fileRef = 65D74F4D1D64EF4F00635A0E /* main.m */; };
		65D74F561D64EF7100635A0E /* Character.m in Sources */ = {isa = PBXBuildFile; fileRef = 65D74F551D64EF7100635A0E /* Character.m */; };
		65D74F771D64F21F00635A0E /* NonPlayerCharacter.m in Sources */ = {isa = PBXBuildFile; fileRef = 65D74F761D64F21F00635A0E /* NonPlayerCharacter.m */; };
		65D74F7A1D64F22C00635A0E /* PlayerCharacter.m in Sources */ = {isa = PBXBuildFile; fileRef = 65D74F791D64F22C00635A0E /* PlayerCharacter.m */; };
		65D74F861D65383400635A0E /* Ally.m in Sources */ = {isa = PBXBuildFile; fileRef = 65D74F851D65383400635A0E /* Ally.m */; };
		65D74F8C1D65385300635A0E /* Neutral.m in Sources */ = {isa = PBXBuildFile; fileRef = 65D74F8B1D65385300635A0E /* Neutral.m */; };
		65E9E7181D68E6F600B649FF /* EnemyRogue.m in Sources */ = {isa = PBXBuildFile; fileRef = 65E9E7171D68E6F600B649FF /* EnemyRogue.m */; };
/* End PBXBuildFile section */

/* Begin PBXCopyFilesBuildPhase section */
		65D74F481D64EF4F00635A0E /* CopyFiles */ = {
			isa = PBXCopyFilesBuildPhase;
			buildActionMask = 2147483647;
			dstPath = /usr/share/man/man1/;
			dstSubfolderSpec = 0;
			files = (
			);
			runOnlyForDeploymentPostprocessing = 1;
		};
/* End PBXCopyFilesBuildPhase section */

/* Begin PBXFileReference section */
		65410E1C1D6A242C00056AA7 /* Enemy.h */ = {isa = PBXFileReference; fileEncoding = 4; lastKnownFileType = sourcecode.c.h; path = Enemy.h; sourceTree = "<group>"; };
		65410E1D1D6A242C00056AA7 /* Enemy.m */ = {isa = PBXFileReference; fileEncoding = 4; lastKnownFileType = sourcecode.c.objc; path = Enemy.m; sourceTree = "<group>"; };
		65D74F4A1D64EF4F00635A0E /* Classes and Subclasses */ = {isa = PBXFileReference; explicitFileType = "compiled.mach-o.executable"; includeInIndex = 0; path = "Classes and Subclasses"; sourceTree = BUILT_PRODUCTS_DIR; };
		65D74F4D1D64EF4F00635A0E /* main.m */ = {isa = PBXFileReference; lastKnownFileType = sourcecode.c.objc; path = main.m; sourceTree = "<group>"; };
		65D74F541D64EF7100635A0E /* Character.h */ = {isa = PBXFileReference; fileEncoding = 4; lastKnownFileType = sourcecode.c.h; path = Character.h; sourceTree = "<group>"; };
		65D74F551D64EF7100635A0E /* Character.m */ = {isa = PBXFileReference; fileEncoding = 4; lastKnownFileType = sourcecode.c.objc; path = Character.m; sourceTree = "<group>"; };
		65D74F751D64F21F00635A0E /* NonPlayerCharacter.h */ = {isa = PBXFileReference; fileEncoding = 4; lastKnownFileType = sourcecode.c.h; path = NonPlayerCharacter.h; sourceTree = "<group>"; };
		65D74F761D64F21F00635A0E /* NonPlayerCharacter.m */ = {isa = PBXFileReference; fileEncoding = 4; lastKnownFileType = sourcecode.c.objc; path = NonPlayerCharacter.m; sourceTree = "<group>"; };
		65D74F781D64F22C00635A0E /* PlayerCharacter.h */ = {isa = PBXFileReference; fileEncoding = 4; lastKnownFileType = sourcecode.c.h; path = PlayerCharacter.h; sourceTree = "<group>"; };
		65D74F791D64F22C00635A0E /* PlayerCharacter.m */ = {isa = PBXFileReference; fileEncoding = 4; lastKnownFileType = sourcecode.c.objc; path = PlayerCharacter.m; sourceTree = "<group>"; };
		65D74F841D65383400635A0E /* Ally.h */ = {isa = PBXFileReference; fileEncoding = 4; lastKnownFileType = sourcecode.c.h; path = Ally.h; sourceTree = "<group>"; };
		65D74F851D65383400635A0E /* Ally.m */ = {isa = PBXFileReference; fileEncoding = 4; lastKnownFileType = sourcecode.c.objc; path = Ally.m; sourceTree = "<group>"; };
		65D74F8A1D65385300635A0E /* Neutral.h */ = {isa = PBXFileReference; fileEncoding = 4; lastKnownFileType = sourcecode.c.h; path = Neutral.h; sourceTree = "<group>"; };
		65D74F8B1D65385300635A0E /* Neutral.m */ = {isa = PBXFileReference; fileEncoding = 4; lastKnownFileType = sourcecode.c.objc; path = Neutral.m; sourceTree = "<group>"; };
		65E9E7161D68E6F600B649FF /* EnemyRogue.h */ = {isa = PBXFileReference; fileEncoding = 4; lastKnownFileType = sourcecode.c.h; path = EnemyRogue.h; sourceTree = "<group>"; };
		65E9E7171D68E6F600B649FF /* EnemyRogue.m */ = {isa = PBXFileReference; fileEncoding = 4; lastKnownFileType = sourcecode.c.objc; path = EnemyRogue.m; sourceTree = "<group>"; };
/* End PBXFileReference section */

/* Begin PBXFrameworksBuildPhase section */
		65D74F471D64EF4F00635A0E /* Frameworks */ = {
			isa = PBXFrameworksBuildPhase;
			buildActionMask = 2147483647;
			files = (
			);
			runOnlyForDeploymentPostprocessing = 0;
		};
/* End PBXFrameworksBuildPhase section */

/* Begin PBXGroup section */
		65D74F411D64EF4F00635A0E = {
			isa = PBXGroup;
			children = (
				65D74F4C1D64EF4F00635A0E /* Classes and Subclasses */,
				65D74F4B1D64EF4F00635A0E /* Products */,
			);
			sourceTree = "<group>";
		};
		65D74F4B1D64EF4F00635A0E /* Products */ = {
			isa = PBXGroup;
			children = (
				65D74F4A1D64EF4F00635A0E /* Classes and Subclasses */,
			);
			name = Products;
			sourceTree = "<group>";
		};
		65D74F4C1D64EF4F00635A0E /* Classes and Subclasses */ = {
			isa = PBXGroup;
			children = (
				65D74F4D1D64EF4F00635A0E /* main.m */,
				65D74F541D64EF7100635A0E /* Character.h */,
				65D74F751D64F21F00635A0E /* NonPlayerCharacter.h */,
				65D74F841D65383400635A0E /* Ally.h */,
				65D74F851D65383400635A0E /* Ally.m */,
				65E9E7161D68E6F600B649FF /* EnemyRogue.h */,
				65410E1C1D6A242C00056AA7 /* Enemy.h */,
				65410E1D1D6A242C00056AA7 /* Enemy.m */,
				65E9E7171D68E6F600B649FF /* EnemyRogue.m */,
				65D74F8A1D65385300635A0E /* Neutral.h */,
				65D74F8B1D65385300635A0E /* Neutral.m */,
				65D74F761D64F21F00635A0E /* NonPlayerCharacter.m */,
				65D74F781D64F22C00635A0E /* PlayerCharacter.h */,
				65D74F791D64F22C00635A0E /* PlayerCharacter.m */,
				65D74F551D64EF7100635A0E /* Character.m */,
			);
			path = "Classes and Subclasses";
			sourceTree = "<group>";
		};
/* End PBXGroup section */

/* Begin PBXNativeTarget section */
		65D74F491D64EF4F00635A0E /* Classes and Subclasses */ = {
			isa = PBXNativeTarget;
			buildConfigurationList = 65D74F511D64EF4F00635A0E /* Build configuration list for PBXNativeTarget "Classes and Subclasses" */;
			buildPhases = (
				65D74F461D64EF4F00635A0E /* Sources */,
				65D74F471D64EF4F00635A0E /* Frameworks */,
				65D74F481D64EF4F00635A0E /* CopyFiles */,
			);
			buildRules = (
			);
			dependencies = (
			);
			name = "Classes and Subclasses";
			productName = "Classes and Subclasses";
			productReference = 65D74F4A1D64EF4F00635A0E /* Classes and Subclasses */;
			productType = "com.apple.product-type.tool";
		};
/* End PBXNativeTarget section */

/* Begin PBXProject section */
		65D74F421D64EF4F00635A0E /* Project object */ = {
			isa = PBXProject;
			attributes = {
				LastUpgradeCheck = 0800;
				ORGANIZATIONNAME = Arcore;
				TargetAttributes = {
					65D74F491D64EF4F00635A0E = {
						CreatedOnToolsVersion = 8.0;
						ProvisioningStyle = Automatic;
					};
				};
			};
			buildConfigurationList = 65D74F451D64EF4F00635A0E /* Build configuration list for PBXProject "Classes and Subclasses" */;
			compatibilityVersion = "Xcode 3.2";
			developmentRegion = English;
			hasScannedForEncodings = 0;
			knownRegions = (
				en,
			);
			mainGroup = 65D74F411D64EF4F00635A0E;
			productRefGroup = 65D74F4B1D64EF4F00635A0E /* Products */;
			projectDirPath = "";
			projectRoot = "";
			targets = (
				65D74F491D64EF4F00635A0E /* Classes and Subclasses */,
			);
		};
/* End PBXProject section */

/* Begin PBXSourcesBuildPhase section */
		65D74F461D64EF4F00635A0E /* Sources */ = {
			isa = PBXSourcesBuildPhase;
			buildActionMask = 2147483647;
			files = (
				65D74F4E1D64EF4F00635A0E /* main.m in Sources */,
				65E9E7181D68E6F600B649FF /* EnemyRogue.m in Sources */,
				65D74F861D65383400635A0E /* Ally.m in Sources */,
				65D74F771D64F21F00635A0E /* NonPlayerCharacter.m in Sources */,
				65D74F7A1D64F22C00635A0E /* PlayerCharacter.m in Sources */,
				65D74F561D64EF7100635A0E /* Character.m in Sources */,
				65410E1E1D6A242C00056AA7 /* Enemy.m in Sources */,
				65D74F8C1D65385300635A0E /* Neutral.m in Sources */,
			);
			runOnlyForDeploymentPostprocessing = 0;
		};
/* End PBXSourcesBuildPhase section */

/* Begin XCBuildConfiguration section */
		65D74F4F1D64EF4F00635A0E /* Debug */ = {
			isa = XCBuildConfiguration;
			buildSettings = {
				ALWAYS_SEARCH_USER_PATHS = NO;
				CLANG_ANALYZER_NONNULL = YES;
				CLANG_CXX_LANGUAGE_STANDARD = "gnu++0x";
				CLANG_CXX_LIBRARY = "libc++";
				CLANG_ENABLE_MODULES = YES;
				CLANG_ENABLE_OBJC_ARC = YES;
				CLANG_WARN_BOOL_CONVERSION = YES;
				CLANG_WARN_CONSTANT_CONVERSION = YES;
				CLANG_WARN_DIRECT_OBJC_ISA_USAGE = YES_ERROR;
				CLANG_WARN_DOCUMENTATION_COMMENTS = YES;
				CLANG_WARN_EMPTY_BODY = YES;
				CLANG_WARN_ENUM_CONVERSION = YES;
				CLANG_WARN_INFINITE_RECURSION = YES;
				CLANG_WARN_INT_CONVERSION = YES;
				CLANG_WARN_OBJC_ROOT_CLASS = YES_ERROR;
				CLANG_WARN_SUSPICIOUS_MOVES = YES;
				CLANG_WARN_UNREACHABLE_CODE = YES;
				CLANG_WARN__DUPLICATE_METHOD_MATCH = YES;
				CODE_SIGN_IDENTITY = "-";
				COPY_PHASE_STRIP = NO;
				DEBUG_INFORMATION_FORMAT = dwarf;
				ENABLE_STRICT_OBJC_MSGSEND = YES;
				ENABLE_TESTABILITY = YES;
				GCC_C_LANGUAGE_STANDARD = gnu99;
				GCC_DYNAMIC_NO_PIC = NO;
				GCC_NO_COMMON_BLOCKS = YES;
				GCC_OPTIMIZATION_LEVEL = 0;
				GCC_PREPROCESSOR_DEFINITIONS = (
					"DEBUG=1",
					"$(inherited)",
				);
				GCC_WARN_64_TO_32_BIT_CONVERSION = YES;
				GCC_WARN_ABOUT_RETURN_TYPE = YES_ERROR;
				GCC_WARN_UNDECLARED_SELECTOR = YES;
				GCC_WARN_UNINITIALIZED_AUTOS = YES_AGGRESSIVE;
				GCC_WARN_UNUSED_FUNCTION = YES;
				GCC_WARN_UNUSED_VARIABLE = YES;
				MACOSX_DEPLOYMENT_TARGET = 10.11;
				MTL_ENABLE_DEBUG_INFO = YES;
				ONLY_ACTIVE_ARCH = YES;
				SDKROOT = macosx;
			};
			name = Debug;
		};
		65D74F501D64EF4F00635A0E /* Release */ = {
			isa = XCBuildConfiguration;
			buildSettings = {
				ALWAYS_SEARCH_USER_PATHS = NO;
				CLANG_ANALYZER_NONNULL = YES;
				CLANG_CXX_LANGUAGE_STANDARD = "gnu++0x";
				CLANG_CXX_LIBRARY = "libc++";
				CLANG_ENABLE_MODULES = YES;
				CLANG_ENABLE_OBJC_ARC = YES;
				CLANG_WARN_BOOL_CONVERSION = YES;
				CLANG_WARN_CONSTANT_CONVERSION = YES;
				CLANG_WARN_DIRECT_OBJC_ISA_USAGE = YES_ERROR;
				CLANG_WARN_DOCUMENTATION_COMMENTS = YES;
				CLANG_WARN_EMPTY_BODY = YES;
				CLANG_WARN_ENUM_CONVERSION = YES;
				CLANG_WARN_INFINITE_RECURSION = YES;
				CLANG_WARN_INT_CONVERSION = YES;
				CLANG_WARN_OBJC_ROOT_CLASS = YES_ERROR;
				CLANG_WARN_SUSPICIOUS_MOVES = YES;
				CLANG_WARN_UNREACHABLE_CODE = YES;
				CLANG_WARN__DUPLICATE_METHOD_MATCH = YES;
				CODE_SIGN_IDENTITY = "-";
				COPY_PHASE_STRIP = NO;
				DEBUG_INFORMATION_FORMAT = "dwarf-with-dsym";
				ENABLE_NS_ASSERTIONS = NO;
				ENABLE_STRICT_OBJC_MSGSEND = YES;
				GCC_C_LANGUAGE_STANDARD = gnu99;
				GCC_NO_COMMON_BLOCKS = YES;
				GCC_WARN_64_TO_32_BIT_CONVERSION = YES;
				GCC_WARN_ABOUT_RETURN_TYPE = YES_ERROR;
				GCC_WARN_UNDECLARED_SELECTOR = YES;
				GCC_WARN_UNINITIALIZED_AUTOS = YES_AGGRESSIVE;
				GCC_WARN_UNUSED_FUNCTION = YES;
				GCC_WARN_UNUSED_VARIABLE = YES;
				MACOSX_DEPLOYMENT_TARGET = 10.11;
				MTL_ENABLE_DEBUG_INFO = NO;
				SDKROOT = macosx;
			};
			name = Release;
		};
		65D74F521D64EF4F00635A0E /* Debug */ = {
			isa = XCBuildConfiguration;
			buildSettings = {
				PRODUCT_NAME = "$(TARGET_NAME)";
			};
			name = Debug;
		};
		65D74F531D64EF4F00635A0E /* Release */ = {
			isa = XCBuildConfiguration;
			buildSettings = {
				PRODUCT_NAME = "$(TARGET_NAME)";
			};
			name = Release;
		};
/* End XCBuildConfiguration section */

/* Begin XCConfigurationList section */
		65D74F451D64EF4F00635A0E /* Build configuration list for PBXProject "Classes and Subclasses" */ = {
			isa = XCConfigurationList;
			buildConfigurations = (
				65D74F4F1D64EF4F00635A0E /* Debug */,
				65D74F501D64EF4F00635A0E /* Release */,
			);
			defaultConfigurationIsVisible = 0;
			defaultConfigurationName = Release;
		};
		65D74F511D64EF4F00635A0E /* Build configuration list for PBXNativeTarget "Classes and Subclasses" */ = {
			isa = XCConfigurationList;
			buildConfigurations = (
				65D74F521D64EF4F00635A0E /* Debug */,
				65D74F531D64EF4F00635A0E /* Release */,
			);
			defaultConfigurationIsVisible = 0;
			defaultConfigurationName = Release;
		};
/* End XCConfigurationList section */
	};
	rootObject = 65D74F421D64EF4F00635A0E /* Project object */;
}
